{
  "originHash" : "41706f4fd4c35106c6f3ec6cff005ba0b6b5dc13b2295918d53e1b9e2a27de2e",
  "pins" : [
    {
      "identity" : "swift-subprocess",
      "kind" : "remoteSourceControl",
      "location" : "https://github.com/swiftlang/swift-subprocess.git",
      "state" : {
        "revision" : "11633673a41f509f8945f23c96c7acd4adafd679",
        "version" : "0.5.0"
      }
    },
    {
      "identity" : "swift-system",
      "kind" : "remoteSourceControl",
      "location" : "https://github.com/apple/swift-system",
      "state" : {
        "revision" : "50688cacbd41d547e9eb9f7a213542340b7c442b",
        "version" : "1.7.5"
      }
    },
    {
      "identity" : "swift-tree-sitter",
      "kind" : "remoteSourceControl",
      "location" : "https://github.com/tree-sitter/swift-tree-sitter.git",
      "state" : {
        "revision" : "08ef81eb8620617b55b08868126707ad72bf754f",
        "version" : "0.25.0"
      }
    },
    {
      "identity" : "tree-sitter",
      "kind" : "remoteSourceControl",
      "location" : "https://github.com/tree-sitter/tree-sitter",
      "state" : {
        "revision" : "da6fe9beb4f7f67beb75914ca8e0d48ae48d6406",
        "version" : "0.25.10"
      }
    },
    {
      "identity" : "tree-sitter-c",
      "kind" : "remoteSourceControl",
      "location" : "https://github.com/tree-sitter/tree-sitter-c.git",
      "state" : {
        "revision" : "b780e47fc780ddc8da13afa35a3f4ed5c157823d",
        "version" : "0.24.2"
      }
    },
    {
      "identity" : "tree-sitter-cpp",
      "kind" : "remoteSourceControl",
      "location" : "https://github.com/tree-sitter/tree-sitter-cpp.git",
      "state" : {
        "revision" : "f41e1a044c8a84ea9fa8577fdd2eab92ec96de02",
        "version" : "0.23.4"
      }
    },
    {
      "identity" : "tree-sitter-go",
      "kind" : "remoteSourceControl",
      "location" : "https://github.com/tree-sitter/tree-sitter-go.git",
      "state" : {
        "revision" : "1547678a9da59885853f5f5cc8a99cc203fa2e2c",
        "version" : "0.25.0"
      }
    },
    {
      "identity" : "tree-sitter-java",
      "kind" : "remoteSourceControl",
      "location" : "https://github.com/tree-sitter/tree-sitter-java.git",
      "state" : {
        "revision" : "94703d5a6bed02b98e438d7cad1136c01a60ba2c",
        "version" : "0.23.5"
      }
    },
    {
      "identity" : "tree-sitter-javascript",
      "kind" : "remoteSourceControl",
      "location" : "https://github.com/tree-sitter/tree-sitter-javascript.git",
      "state" : {
        "revision" : "3a837b6f3658ca3618f2022f8707e29739c91364",
        "version" : "0.23.1"
      }
    },
    {
      "identity" : "tree-sitter-json",
      "kind" : "remoteSourceControl",
      "location" : "https://github.com/tree-sitter/tree-sitter-json.git",
      "state" : {
        "revision" : "ee35a6ebefcef0c5c416c0d1ccec7370cfca5a24",
        "version" : "0.24.8"
      }
    },
    {
      "identity" : "tree-sitter-objc",
      "kind" : "remoteSourceControl",
      "location" : "https://github.com/tree-sitter-grammars/tree-sitter-objc.git",
      "state" : {
        "revision" : "18802acf31d0b5c1c1d50bdbc9eb0e1636cab9ed",
        "version" : "3.0.2"
      }
    },
    {
      "identity" : "tree-sitter-python",
      "kind" : "remoteSourceControl",
      "location" : "https://github.com/tree-sitter/tree-sitter-python.git",
      "state" : {
        "revision" : "bffb65a8cfe4e46290331dfef0dbf0ef3679de11",
        "version" : "0.23.6"
      }
    },
    {
      "identity" : "tree-sitter-rust",
      "kind" : "remoteSourceControl",
      "location" : "https://github.com/tree-sitter/tree-sitter-rust.git",
      "state" : {
        "revision" : "77a3747266f4d621d0757825e6b11edcbf991ca5",
        "version" : "0.24.2"
      }
    },
    {
      "identity" : "tree-sitter-swift",
      "kind" : "remoteSourceControl",
      "location" : "https://github.com/alex-pinkus/tree-sitter-swift.git",
      "state" : {
        "branch" : "0.7.3-with-generated-files",
        "revision" : "31d17fe7e818a2048c808b5c6fdc2dc792f4f5b5"
      }
    },
    {
      "identity" : "tree-sitter-typescript",
      "kind" : "remoteSourceControl",
      "location" : "https://github.com/tree-sitter/tree-sitter-typescript.git",
      "state" : {
        "revision" : "f975a621f4e7f532fe322e13c4f79495e0a7b2e7",
        "version" : "0.23.2"
      }
    },
    {
      "identity" : "tree-sitter-yaml",
      "kind" : "remoteSourceControl",
      "location" : "https://github.com/tree-sitter-grammars/tree-sitter-yaml.git",
      "state" : {
        "revision" : "b733d3f5f5005890f324333dd57e1f0badec5c87",
        "version" : "0.7.0"
      }
    }
  ],
  "version" : 3
}
